
Microsoft Visual Studio Solution File, Format Version 12.00
# Visual Studio Version 17
VisualStudioVersion = 17.4.33103.184
MinimumVisualStudioVersion = 10.0.40219.1
Project("{9A19103F-16F7-4668-BE54-9A1E7A4F7556}") = "WhatYouHaveLost", "WhatYouHaveLost\WhatYouHaveLost.csproj", "{E6C897EB-6D41-4E99-9029-2D436C8112FE}"
EndProject
Project("{2150E333-8FDC-42A3-9474-1A3956D46DE8}") = "src", "src", "{1E663234-447E-4D9B-9C7F-83BA37123EBC}"
EndProject
Project("{FAE04EC0-301F-11D3-BF4B-00C04F79EFBC}") = "WhatYouHaveLost.Tests", "WhatYouHaveLost.Tests\WhatYouHaveLost.Tests.csproj", "{BB7968BF-9E1E-4443-88C9-36DA3D823E99}"
EndProject
Project("{2150E333-8FDC-42A3-9474-1A3956D46DE8}") = "Solution Items", "Solution Items", "{D73A6647-20AD-428A-8DCB-626DBAC3F702}"
	ProjectSection(SolutionItems) = preProject
		docker-compose.yml = docker-compose.yml
	EndProjectSection
EndProject
Global
	GlobalSection(SolutionConfigurationPlatforms) = preSolution
		Debug|Any CPU = Debug|Any CPU
		Release|Any CPU = Release|Any CPU
	EndGlobalSection
	GlobalSection(ProjectConfigurationPlatforms) = postSolution
		{E6C897EB-6D41-4E99-9029-2D436C8112FE}.Debug|Any CPU.ActiveCfg = Debug|Any CPU
		{E6C897EB-6D41-4E99-9029-2D436C8112FE}.Debug|Any CPU.Build.0 = Debug|Any CPU
		{E6C897EB-6D41-4E99-9029-2D436C8112FE}.Release|Any CPU.ActiveCfg = Release|Any CPU
		{E6C897EB-6D41-4E99-9029-2D436C8112FE}.Release|Any CPU.Build.0 = Release|Any CPU
		{BB7968BF-9E1E-4443-88C9-36DA3D823E99}.Debug|Any CPU.ActiveCfg = Debug|Any CPU
		{BB7968BF-9E1E-4443-88C9-36DA3D823E99}.Debug|Any CPU.Build.0 = Debug|Any CPU
		{BB7968BF-9E1E-4443-88C9-36DA3D823E99}.Release|Any CPU.ActiveCfg = Release|Any CPU
		{BB7968BF-9E1E-4443-88C9-36DA3D823E99}.Release|Any CPU.Build.0 = Release|Any CPU
	EndGlobalSection
	GlobalSection(SolutionProperties) = preSolution
		HideSolutionNode = FALSE
	EndGlobalSection
	GlobalSection(NestedProjects) = preSolution
		{E6C897EB-6D41-4E99-9029-2D436C8112FE} = {1E663234-447E-4D9B-9C7F-83BA37123EBC}
		{BB7968BF-9E1E-4443-88C9-36DA3D823E99} = {1E663234-447E-4D9B-9C7F-83BA37123EBC}
	EndGlobalSection
	GlobalSection(ExtensibilityGlobals) = postSolution
		SolutionGuid = {6562304D-66BE-430A-A0D1-4AB4DEC3CC7E}
	EndGlobalSection
EndGlobal
